
Microsoft Visual Studio Solution File, Format Version 12.00
# Visual Studio Version 16
VisualStudioVersion = 16.0.31005.135
MinimumVisualStudioVersion = 10.0.40219.1
Project("{FAE04EC0-301F-11D3-BF4B-00C04F79EFBC}") = "Dictionary", "Dictionary\Dictionary.csproj", "{2448123C-764B-4093-B05E-F9895E4F02A5}"
EndProject
Project("{FAE04EC0-301F-11D3-BF4B-00C04F79EFBC}") = "Backend", "Backend\Backend.csproj", "{DC914204-7B88-4E6A-9A95-05D8B94E1A8C}"
EndProject
Global
	GlobalSection(SolutionConfigurationPlatforms) = preSolution
		Debug|Any CPU = Debug|Any CPU
		Release|Any CPU = Release|Any CPU
	EndGlobalSection
	GlobalSection(ProjectConfigurationPlatforms) = postSolution
		{2448123C-764B-4093-B05E-F9895E4F02A5}.Debug|Any CPU.ActiveCfg = Debug|Any CPU
		{2448123C-764B-4093-B05E-F9895E4F02A5}.Debug|Any CPU.Build.0 = Debug|Any CPU
		{2448123C-764B-4093-B05E-F9895E4F02A5}.Debug|Any CPU.Deploy.0 = Debug|Any CPU
		{2448123C-764B-4093-B05E-F9895E4F02A5}.Release|Any CPU.ActiveCfg = Release|Any CPU
		{2448123C-764B-4093-B05E-F9895E4F02A5}.Release|Any CPU.Build.0 = Release|Any CPU
		{2448123C-764B-4093-B05E-F9895E4F02A5}.Release|Any CPU.Deploy.0 = Release|Any CPU
		{DC914204-7B88-4E6A-9A95-05D8B94E1A8C}.Debug|Any CPU.ActiveCfg = Debug|Any CPU
		{DC914204-7B88-4E6A-9A95-05D8B94E1A8C}.Debug|Any CPU.Build.0 = Debug|Any CPU
		{DC914204-7B88-4E6A-9A95-05D8B94E1A8C}.Release|Any CPU.ActiveCfg = Release|Any CPU
		{DC914204-7B88-4E6A-9A95-05D8B94E1A8C}.Release|Any CPU.Build.0 = Release|Any CPU
	EndGlobalSection
	GlobalSection(SolutionProperties) = preSolution
		HideSolutionNode = FALSE
	EndGlobalSection
	GlobalSection(ExtensibilityGlobals) = postSolution
		SolutionGuid = {CDE5DEA1-C9FD-423F-A4AD-3E4C2873AD13}
	EndGlobalSection
EndGlobal
